
Microsoft Visual Studio Solution File, Format Version 12.00
# Visual Studio Version 17
VisualStudioVersion = 17.5.33516.290
MinimumVisualStudioVersion = 10.0.40219.1
Project("{FAE04EC0-301F-11D3-BF4B-00C04F79EFBC}") = "CodeGenerator", "CodeGenerator\CodeGenerator.csproj", "{55B0BDF9-433A-42DF-B432-428B82B9E649}"
EndProject
Global
	GlobalSection(SolutionConfigurationPlatforms) = preSolution
		Debug|Any CPU = Debug|Any CPU
		Release|Any CPU = Release|Any CPU
	EndGlobalSection
	GlobalSection(ProjectConfigurationPlatforms) = postSolution
		{55B0BDF9-433A-42DF-B432-428B82B9E649}.Debug|Any CPU.ActiveCfg = Debug|Any CPU
		{55B0BDF9-433A-42DF-B432-428B82B9E649}.Debug|Any CPU.Build.0 = Debug|Any CPU
		{55B0BDF9-433A-42DF-B432-428B82B9E649}.Release|Any CPU.ActiveCfg = Release|Any CPU
		{55B0BDF9-433A-42DF-B432-428B82B9E649}.Release|Any CPU.Build.0 = Release|Any CPU
	EndGlobalSection
	GlobalSection(SolutionProperties) = preSolution
		HideSolutionNode = FALSE
	EndGlobalSection
	GlobalSection(ExtensibilityGlobals) = postSolution
		SolutionGuid = {D6873154-77A5-4E44-AA83-D824E6FBEB83}
	EndGlobalSection
EndGlobal
